
Microsoft Visual Studio Solution File, Format Version 12.00
# Visual Studio Version 16
VisualStudioVersion = 16.0.28922.388
MinimumVisualStudioVersion = 10.0.40219.1
Project("{FAE04EC0-301F-11D3-BF4B-00C04F79EFBC}") = "ModComparerPatch", "ModComparerPatch.csproj", "{8A32F050-6EBE-4C7C-9A08-DD7C9B4A4C5D}"
EndProject
Global
	GlobalSection(SolutionConfigurationPlatforms) = preSolution
		Debug|Any CPU = Debug|Any CPU
		Release|Any CPU = Release|Any CPU
	EndGlobalSection
	GlobalSection(ProjectConfigurationPlatforms) = postSolution
		{8A32F050-6EBE-4C7C-9A08-DD7C9B4A4C5D}.Debug|Any CPU.ActiveCfg = Debug|Any CPU
		{8A32F050-6EBE-4C7C-9A08-DD7C9B4A4C5D}.Debug|Any CPU.Build.0 = Debug|Any CPU
		{8A32F050-6EBE-4C7C-9A08-DD7C9B4A4C5D}.Release|Any CPU.ActiveCfg = Release|Any CPU
		{8A32F050-6EBE-4C7C-9A08-DD7C9B4A4C5D}.Release|Any CPU.Build.0 = Release|Any CPU
	EndGlobalSection
	GlobalSection(SolutionProperties) = preSolution
		HideSolutionNode = FALSE
	EndGlobalSection
	GlobalSection(ExtensibilityGlobals) = postSolution
		SolutionGuid = {758B6F8B-C30D-4ABC-9271-796A57F7188B}
	EndGlobalSection
EndGlobal
